
Microsoft Visual Studio Solution File, Format Version 12.00
# Visual Studio 15
VisualStudioVersion = 15.0.28307.421
MinimumVisualStudioVersion = 10.0.40219.1
Project("{888888A0-9F3D-457C-B088-3A5042F75D52}") = "Index Downloader", "Index Downloader\Index Downloader.pyproj", "{2F64BCE5-727A-44C3-A4E5-4177051DD983}"
EndProject
Global
	GlobalSection(SolutionConfigurationPlatforms) = preSolution
		Debug|Any CPU = Debug|Any CPU
		Release|Any CPU = Release|Any CPU
	EndGlobalSection
	GlobalSection(ProjectConfigurationPlatforms) = postSolution
		{2F64BCE5-727A-44C3-A4E5-4177051DD983}.Debug|Any CPU.ActiveCfg = Debug|Any CPU
		{2F64BCE5-727A-44C3-A4E5-4177051DD983}.Release|Any CPU.ActiveCfg = Release|Any CPU
	EndGlobalSection
	GlobalSection(SolutionProperties) = preSolution
		HideSolutionNode = FALSE
	EndGlobalSection
	GlobalSection(ExtensibilityGlobals) = postSolution
		SolutionGuid = {2A32B4CE-BCD8-4283-A169-7D380FEFDF1A}
	EndGlobalSection
EndGlobal
